
Microsoft Visual Studio Solution File, Format Version 12.00
# Visual Studio Version 17
Project("{8BC9CEB8-8B4A-11D0-8D11-00A0C91BC942}") = "ALL_BUILD", "ALL_BUILD.vcxproj", "{17A6EB67-B01B-32E6-9ADE-44A7FD1E016F}"
	ProjectSection(ProjectDependencies) = postProject
		{3F934042-403A-305C-951D-52940F0F4F49} = {3F934042-403A-305C-951D-52940F0F4F49}
		{96C7884F-BA33-3A75-AC40-B6B953F76B51} = {96C7884F-BA33-3A75-AC40-B6B953F76B51}
		{1DEB32E5-3B50-3F06-BF65-4C88FBCFED96} = {1DEB32E5-3B50-3F06-BF65-4C88FBCFED96}
		{1B0D71A7-F6E3-30B1-813D-E58E6528BE31} = {1B0D71A7-F6E3-30B1-813D-E58E6528BE31}
		{B5116640-6BD1-3446-BA70-B268655602E8} = {B5116640-6BD1-3446-BA70-B268655602E8}
		{AB7E8605-E9FF-3897-83ED-B668C536ABF2} = {AB7E8605-E9FF-3897-83ED-B668C536ABF2}
		{AC6B2CD1-1828-382C-90A3-C2EE00E50E17} = {AC6B2CD1-1828-382C-90A3-C2EE00E50E17}
	EndProjectSection
EndProject
Project("{8BC9CEB8-8B4A-11D0-8D11-00A0C91BC942}") = "INSTALL", "INSTALL.vcxproj", "{4C442991-A09C-37B6-9018-2360C9D099C9}"
	ProjectSection(ProjectDependencies) = postProject
		{17A6EB67-B01B-32E6-9ADE-44A7FD1E016F} = {17A6EB67-B01B-32E6-9ADE-44A7FD1E016F}
		{1DEB32E5-3B50-3F06-BF65-4C88FBCFED96} = {1DEB32E5-3B50-3F06-BF65-4C88FBCFED96}
	EndProjectSection
EndProject
Project("{8BC9CEB8-8B4A-11D0-8D11-00A0C91BC942}") = "MatPowerImport", "MatPowerImport.vcxproj", "{3F934042-403A-305C-951D-52940F0F4F49}"
	ProjectSection(ProjectDependencies) = postProject
		{96C7884F-BA33-3A75-AC40-B6B953F76B51} = {96C7884F-BA33-3A75-AC40-B6B953F76B51}
		{1DEB32E5-3B50-3F06-BF65-4C88FBCFED96} = {1DEB32E5-3B50-3F06-BF65-4C88FBCFED96}
		{B5116640-6BD1-3446-BA70-B268655602E8} = {B5116640-6BD1-3446-BA70-B268655602E8}
		{AB7E8605-E9FF-3897-83ED-B668C536ABF2} = {AB7E8605-E9FF-3897-83ED-B668C536ABF2}
	EndProjectSection
EndProject
Project("{8BC9CEB8-8B4A-11D0-8D11-00A0C91BC942}") = "MpcParser", "MpcParser.vcxproj", "{96C7884F-BA33-3A75-AC40-B6B953F76B51}"
	ProjectSection(ProjectDependencies) = postProject
		{1DEB32E5-3B50-3F06-BF65-4C88FBCFED96} = {1DEB32E5-3B50-3F06-BF65-4C88FBCFED96}
	EndProjectSection
EndProject
Project("{8BC9CEB8-8B4A-11D0-8D11-00A0C91BC942}") = "PACKAGE", "PACKAGE.vcxproj", "{0CEF7814-AD84-36CF-9F00-6ACCC7D3C108}"
	ProjectSection(ProjectDependencies) = postProject
		{17A6EB67-B01B-32E6-9ADE-44A7FD1E016F} = {17A6EB67-B01B-32E6-9ADE-44A7FD1E016F}
		{1DEB32E5-3B50-3F06-BF65-4C88FBCFED96} = {1DEB32E5-3B50-3F06-BF65-4C88FBCFED96}
	EndProjectSection
EndProject
Project("{8BC9CEB8-8B4A-11D0-8D11-00A0C91BC942}") = "ZERO_CHECK", "ZERO_CHECK.vcxproj", "{1DEB32E5-3B50-3F06-BF65-4C88FBCFED96}"
	ProjectSection(ProjectDependencies) = postProject
	EndProjectSection
EndProject
Project("{8BC9CEB8-8B4A-11D0-8D11-00A0C91BC942}") = "antlr4_shared", "_deps\antlr4-src\runtime\Cpp\runtime\antlr4_shared.vcxproj", "{1B0D71A7-F6E3-30B1-813D-E58E6528BE31}"
	ProjectSection(ProjectDependencies) = postProject
		{1DEB32E5-3B50-3F06-BF65-4C88FBCFED96} = {1DEB32E5-3B50-3F06-BF65-4C88FBCFED96}
		{AC6B2CD1-1828-382C-90A3-C2EE00E50E17} = {AC6B2CD1-1828-382C-90A3-C2EE00E50E17}
	EndProjectSection
EndProject
Project("{8BC9CEB8-8B4A-11D0-8D11-00A0C91BC942}") = "antlr4_static", "_deps\antlr4-src\runtime\Cpp\runtime\antlr4_static.vcxproj", "{B5116640-6BD1-3446-BA70-B268655602E8}"
	ProjectSection(ProjectDependencies) = postProject
		{1DEB32E5-3B50-3F06-BF65-4C88FBCFED96} = {1DEB32E5-3B50-3F06-BF65-4C88FBCFED96}
		{AC6B2CD1-1828-382C-90A3-C2EE00E50E17} = {AC6B2CD1-1828-382C-90A3-C2EE00E50E17}
	EndProjectSection
EndProject
Project("{8BC9CEB8-8B4A-11D0-8D11-00A0C91BC942}") = "fmt", "_deps\fmtlib-src\fmt.vcxproj", "{AB7E8605-E9FF-3897-83ED-B668C536ABF2}"
	ProjectSection(ProjectDependencies) = postProject
		{1DEB32E5-3B50-3F06-BF65-4C88FBCFED96} = {1DEB32E5-3B50-3F06-BF65-4C88FBCFED96}
	EndProjectSection
EndProject
Project("{8BC9CEB8-8B4A-11D0-8D11-00A0C91BC942}") = "make_lib_output_dir", "_deps\antlr4-src\runtime\Cpp\runtime\make_lib_output_dir.vcxproj", "{AC6B2CD1-1828-382C-90A3-C2EE00E50E17}"
	ProjectSection(ProjectDependencies) = postProject
		{1DEB32E5-3B50-3F06-BF65-4C88FBCFED96} = {1DEB32E5-3B50-3F06-BF65-4C88FBCFED96}
	EndProjectSection
EndProject
Global
	GlobalSection(SolutionConfigurationPlatforms) = preSolution
		Debug|x64 = Debug|x64
		Release|x64 = Release|x64
		MinSizeRel|x64 = MinSizeRel|x64
		RelWithDebInfo|x64 = RelWithDebInfo|x64
	EndGlobalSection
	GlobalSection(ProjectConfigurationPlatforms) = postSolution
		{17A6EB67-B01B-32E6-9ADE-44A7FD1E016F}.Debug|x64.ActiveCfg = Debug|x64
		{17A6EB67-B01B-32E6-9ADE-44A7FD1E016F}.Debug|x64.Build.0 = Debug|x64
		{17A6EB67-B01B-32E6-9ADE-44A7FD1E016F}.Release|x64.ActiveCfg = Release|x64
		{17A6EB67-B01B-32E6-9ADE-44A7FD1E016F}.Release|x64.Build.0 = Release|x64
		{17A6EB67-B01B-32E6-9ADE-44A7FD1E016F}.MinSizeRel|x64.ActiveCfg = MinSizeRel|x64
		{17A6EB67-B01B-32E6-9ADE-44A7FD1E016F}.MinSizeRel|x64.Build.0 = MinSizeRel|x64
		{17A6EB67-B01B-32E6-9ADE-44A7FD1E016F}.RelWithDebInfo|x64.ActiveCfg = RelWithDebInfo|x64
		{17A6EB67-B01B-32E6-9ADE-44A7FD1E016F}.RelWithDebInfo|x64.Build.0 = RelWithDebInfo|x64
		{4C442991-A09C-37B6-9018-2360C9D099C9}.Debug|x64.ActiveCfg = Debug|x64
		{4C442991-A09C-37B6-9018-2360C9D099C9}.Release|x64.ActiveCfg = Release|x64
		{4C442991-A09C-37B6-9018-2360C9D099C9}.MinSizeRel|x64.ActiveCfg = MinSizeRel|x64
		{4C442991-A09C-37B6-9018-2360C9D099C9}.RelWithDebInfo|x64.ActiveCfg = RelWithDebInfo|x64
		{3F934042-403A-305C-951D-52940F0F4F49}.Debug|x64.ActiveCfg = Debug|x64
		{3F934042-403A-305C-951D-52940F0F4F49}.Debug|x64.Build.0 = Debug|x64
		{3F934042-403A-305C-951D-52940F0F4F49}.Release|x64.ActiveCfg = Release|x64
		{3F934042-403A-305C-951D-52940F0F4F49}.Release|x64.Build.0 = Release|x64
		{3F934042-403A-305C-951D-52940F0F4F49}.MinSizeRel|x64.ActiveCfg = MinSizeRel|x64
		{3F934042-403A-305C-951D-52940F0F4F49}.MinSizeRel|x64.Build.0 = MinSizeRel|x64
		{3F934042-403A-305C-951D-52940F0F4F49}.RelWithDebInfo|x64.ActiveCfg = RelWithDebInfo|x64
		{3F934042-403A-305C-951D-52940F0F4F49}.RelWithDebInfo|x64.Build.0 = RelWithDebInfo|x64
		{96C7884F-BA33-3A75-AC40-B6B953F76B51}.Debug|x64.ActiveCfg = Debug|x64
		{96C7884F-BA33-3A75-AC40-B6B953F76B51}.Debug|x64.Build.0 = Debug|x64
		{96C7884F-BA33-3A75-AC40-B6B953F76B51}.Release|x64.ActiveCfg = Release|x64
		{96C7884F-BA33-3A75-AC40-B6B953F76B51}.Release|x64.Build.0 = Release|x64
		{96C7884F-BA33-3A75-AC40-B6B953F76B51}.MinSizeRel|x64.ActiveCfg = MinSizeRel|x64
		{96C7884F-BA33-3A75-AC40-B6B953F76B51}.MinSizeRel|x64.Build.0 = MinSizeRel|x64
		{96C7884F-BA33-3A75-AC40-B6B953F76B51}.RelWithDebInfo|x64.ActiveCfg = RelWithDebInfo|x64
		{96C7884F-BA33-3A75-AC40-B6B953F76B51}.RelWithDebInfo|x64.Build.0 = RelWithDebInfo|x64
		{0CEF7814-AD84-36CF-9F00-6ACCC7D3C108}.Debug|x64.ActiveCfg = Debug|x64
		{0CEF7814-AD84-36CF-9F00-6ACCC7D3C108}.Release|x64.ActiveCfg = Release|x64
		{0CEF7814-AD84-36CF-9F00-6ACCC7D3C108}.MinSizeRel|x64.ActiveCfg = MinSizeRel|x64
		{0CEF7814-AD84-36CF-9F00-6ACCC7D3C108}.RelWithDebInfo|x64.ActiveCfg = RelWithDebInfo|x64
		{1DEB32E5-3B50-3F06-BF65-4C88FBCFED96}.Debug|x64.ActiveCfg = Debug|x64
		{1DEB32E5-3B50-3F06-BF65-4C88FBCFED96}.Debug|x64.Build.0 = Debug|x64
		{1DEB32E5-3B50-3F06-BF65-4C88FBCFED96}.Release|x64.ActiveCfg = Release|x64
		{1DEB32E5-3B50-3F06-BF65-4C88FBCFED96}.Release|x64.Build.0 = Release|x64
		{1DEB32E5-3B50-3F06-BF65-4C88FBCFED96}.MinSizeRel|x64.ActiveCfg = MinSizeRel|x64
		{1DEB32E5-3B50-3F06-BF65-4C88FBCFED96}.MinSizeRel|x64.Build.0 = MinSizeRel|x64
		{1DEB32E5-3B50-3F06-BF65-4C88FBCFED96}.RelWithDebInfo|x64.ActiveCfg = RelWithDebInfo|x64
		{1DEB32E5-3B50-3F06-BF65-4C88FBCFED96}.RelWithDebInfo|x64.Build.0 = RelWithDebInfo|x64
		{1B0D71A7-F6E3-30B1-813D-E58E6528BE31}.Debug|x64.ActiveCfg = Debug|x64
		{1B0D71A7-F6E3-30B1-813D-E58E6528BE31}.Debug|x64.Build.0 = Debug|x64
		{1B0D71A7-F6E3-30B1-813D-E58E6528BE31}.Release|x64.ActiveCfg = Release|x64
		{1B0D71A7-F6E3-30B1-813D-E58E6528BE31}.Release|x64.Build.0 = Release|x64
		{1B0D71A7-F6E3-30B1-813D-E58E6528BE31}.MinSizeRel|x64.ActiveCfg = MinSizeRel|x64
		{1B0D71A7-F6E3-30B1-813D-E58E6528BE31}.MinSizeRel|x64.Build.0 = MinSizeRel|x64
		{1B0D71A7-F6E3-30B1-813D-E58E6528BE31}.RelWithDebInfo|x64.ActiveCfg = RelWithDebInfo|x64
		{1B0D71A7-F6E3-30B1-813D-E58E6528BE31}.RelWithDebInfo|x64.Build.0 = RelWithDebInfo|x64
		{B5116640-6BD1-3446-BA70-B268655602E8}.Debug|x64.ActiveCfg = Debug|x64
		{B5116640-6BD1-3446-BA70-B268655602E8}.Debug|x64.Build.0 = Debug|x64
		{B5116640-6BD1-3446-BA70-B268655602E8}.Release|x64.ActiveCfg = Release|x64
		{B5116640-6BD1-3446-BA70-B268655602E8}.Release|x64.Build.0 = Release|x64
		{B5116640-6BD1-3446-BA70-B268655602E8}.MinSizeRel|x64.ActiveCfg = MinSizeRel|x64
		{B5116640-6BD1-3446-BA70-B268655602E8}.MinSizeRel|x64.Build.0 = MinSizeRel|x64
		{B5116640-6BD1-3446-BA70-B268655602E8}.RelWithDebInfo|x64.ActiveCfg = RelWithDebInfo|x64
		{B5116640-6BD1-3446-BA70-B268655602E8}.RelWithDebInfo|x64.Build.0 = RelWithDebInfo|x64
		{AB7E8605-E9FF-3897-83ED-B668C536ABF2}.Debug|x64.ActiveCfg = Debug|x64
		{AB7E8605-E9FF-3897-83ED-B668C536ABF2}.Debug|x64.Build.0 = Debug|x64
		{AB7E8605-E9FF-3897-83ED-B668C536ABF2}.Release|x64.ActiveCfg = Release|x64
		{AB7E8605-E9FF-3897-83ED-B668C536ABF2}.Release|x64.Build.0 = Release|x64
		{AB7E8605-E9FF-3897-83ED-B668C536ABF2}.MinSizeRel|x64.ActiveCfg = MinSizeRel|x64
		{AB7E8605-E9FF-3897-83ED-B668C536ABF2}.MinSizeRel|x64.Build.0 = MinSizeRel|x64
		{AB7E8605-E9FF-3897-83ED-B668C536ABF2}.RelWithDebInfo|x64.ActiveCfg = RelWithDebInfo|x64
		{AB7E8605-E9FF-3897-83ED-B668C536ABF2}.RelWithDebInfo|x64.Build.0 = RelWithDebInfo|x64
		{AC6B2CD1-1828-382C-90A3-C2EE00E50E17}.Debug|x64.ActiveCfg = Debug|x64
		{AC6B2CD1-1828-382C-90A3-C2EE00E50E17}.Debug|x64.Build.0 = Debug|x64
		{AC6B2CD1-1828-382C-90A3-C2EE00E50E17}.Release|x64.ActiveCfg = Release|x64
		{AC6B2CD1-1828-382C-90A3-C2EE00E50E17}.Release|x64.Build.0 = Release|x64
		{AC6B2CD1-1828-382C-90A3-C2EE00E50E17}.MinSizeRel|x64.ActiveCfg = MinSizeRel|x64
		{AC6B2CD1-1828-382C-90A3-C2EE00E50E17}.MinSizeRel|x64.Build.0 = MinSizeRel|x64
		{AC6B2CD1-1828-382C-90A3-C2EE00E50E17}.RelWithDebInfo|x64.ActiveCfg = RelWithDebInfo|x64
		{AC6B2CD1-1828-382C-90A3-C2EE00E50E17}.RelWithDebInfo|x64.Build.0 = RelWithDebInfo|x64
	EndGlobalSection
	GlobalSection(ExtensibilityGlobals) = postSolution
		SolutionGuid = {9C2B2E53-DB2A-3ECD-9C95-96FE7D032AEE}
	EndGlobalSection
	GlobalSection(ExtensibilityAddIns) = postSolution
	EndGlobalSection
EndGlobal
