<?xml version="1.0" encoding="utf-8"?>
<Project ToolsVersion="17.0" xmlns="http://schemas.microsoft.com/developer/msbuild/2003">
  <ItemGroup>
    <ClCompile Include="fmt\src\format.cc" />
    <ClCompile Include="fmt\src\os.cc" />
    <ClCompile Include="Generated\MpcBaseVisitor.cpp" />
    <ClCompile Include="Generated\MpcLexer.cpp" />
    <ClCompile Include="Generated\MpcParser.cpp" />
    <ClCompile Include="Generated\MpcVisitor.cpp" />
    <ClCompile Include="MatPowerData.cpp" />
    <ClCompile Include="MatPowerImport.cpp" />
    <ClCompile Include="PlainLogger.cpp" />
    <ClCompile Include="RastrWinIO.cpp" />
  </ItemGroup>
  <ItemGroup>
    <CustomBuild Include="Mpc.g4" />
  </ItemGroup>
  <ItemGroup>
    <Filter Include="Source Files">
      <UniqueIdentifier>{F55E2D50-9FAA-3DBB-A7E0-57FD5A7C9DF3}</UniqueIdentifier>
    </Filter>
  </ItemGroup>
  <ItemGroup>
    <ClInclude Include="AntlrASTVisitor.h" />
    <ClInclude Include="Exceptions.h" />
    <ClInclude Include="MatPowerData.h" />
    <ClInclude Include="PlainLogger.h" />
    <ClInclude Include="RastrWinIO.h" />
    <ClInclude Include="SafeQueue.hpp" />
    <ClInclude Include="stringutils.h" />
  </ItemGroup>
</Project>